
Microsoft Visual Studio Solution File, Format Version 12.00
# Visual Studio Version 16
VisualStudioVersion = 16.0.33801.447
MinimumVisualStudioVersion = 10.0.40219.1
Project("{8BC9CEB8-8B4A-11D0-8D11-00A0C91BC942}") = "add", "add\add.vcxproj", "{6237D4F1-6F1F-4E69-8F2F-C10B39CBC11A}"
EndProject
Global
	GlobalSection(SolutionConfigurationPlatforms) = preSolution
		Debug|x64 = Debug|x64
		Debug|x86 = Debug|x86
		Release|x64 = Release|x64
		Release|x86 = Release|x86
	EndGlobalSection
	GlobalSection(ProjectConfigurationPlatforms) = postSolution
		{6237D4F1-6F1F-4E69-8F2F-C10B39CBC11A}.Debug|x64.ActiveCfg = Debug|x64
		{6237D4F1-6F1F-4E69-8F2F-C10B39CBC11A}.Debug|x64.Build.0 = Debug|x64
		{6237D4F1-6F1F-4E69-8F2F-C10B39CBC11A}.Debug|x86.ActiveCfg = Debug|Win32
		{6237D4F1-6F1F-4E69-8F2F-C10B39CBC11A}.Debug|x86.Build.0 = Debug|Win32
		{6237D4F1-6F1F-4E69-8F2F-C10B39CBC11A}.Release|x64.ActiveCfg = Release|x64
		{6237D4F1-6F1F-4E69-8F2F-C10B39CBC11A}.Release|x64.Build.0 = Release|x64
		{6237D4F1-6F1F-4E69-8F2F-C10B39CBC11A}.Release|x86.ActiveCfg = Release|Win32
		{6237D4F1-6F1F-4E69-8F2F-C10B39CBC11A}.Release|x86.Build.0 = Release|Win32
	EndGlobalSection
	GlobalSection(SolutionProperties) = preSolution
		HideSolutionNode = FALSE
	EndGlobalSection
	GlobalSection(ExtensibilityGlobals) = postSolution
		SolutionGuid = {4C9405B2-C731-40C3-8F80-648E1BB610E9}
	EndGlobalSection
EndGlobal
