
Microsoft Visual Studio Solution File, Format Version 12.00
# Visual Studio Version 16
VisualStudioVersion = 16.0.33801.447
MinimumVisualStudioVersion = 10.0.40219.1
Project("{8BC9CEB8-8B4A-11D0-8D11-00A0C91BC942}") = "7.1", "7.1\7.1.vcxproj", "{6B074386-5713-4AE8-9ECE-009530334C76}"
EndProject
Global
	GlobalSection(SolutionConfigurationPlatforms) = preSolution
		Debug|x64 = Debug|x64
		Debug|x86 = Debug|x86
		Release|x64 = Release|x64
		Release|x86 = Release|x86
	EndGlobalSection
	GlobalSection(ProjectConfigurationPlatforms) = postSolution
		{6B074386-5713-4AE8-9ECE-009530334C76}.Debug|x64.ActiveCfg = Debug|x64
		{6B074386-5713-4AE8-9ECE-009530334C76}.Debug|x64.Build.0 = Debug|x64
		{6B074386-5713-4AE8-9ECE-009530334C76}.Debug|x86.ActiveCfg = Debug|Win32
		{6B074386-5713-4AE8-9ECE-009530334C76}.Debug|x86.Build.0 = Debug|Win32
		{6B074386-5713-4AE8-9ECE-009530334C76}.Release|x64.ActiveCfg = Release|x64
		{6B074386-5713-4AE8-9ECE-009530334C76}.Release|x64.Build.0 = Release|x64
		{6B074386-5713-4AE8-9ECE-009530334C76}.Release|x86.ActiveCfg = Release|Win32
		{6B074386-5713-4AE8-9ECE-009530334C76}.Release|x86.Build.0 = Release|Win32
	EndGlobalSection
	GlobalSection(SolutionProperties) = preSolution
		HideSolutionNode = FALSE
	EndGlobalSection
	GlobalSection(ExtensibilityGlobals) = postSolution
		SolutionGuid = {5A921CB4-70D5-416B-AAFC-D5364D5F757F}
	EndGlobalSection
EndGlobal
