
Microsoft Visual Studio Solution File, Format Version 12.00
# Visual Studio Version 17
VisualStudioVersion = 17.7.34031.279
MinimumVisualStudioVersion = 10.0.40219.1
Project("{8BC9CEB8-8B4A-11D0-8D11-00A0C91BC942}") = "C-practice-10-4", "C-practice-10-4.vcxproj", "{EB2E28DA-ACCA-4929-9420-36563764E2E8}"
EndProject
Global
	GlobalSection(SolutionConfigurationPlatforms) = preSolution
		Debug|x64 = Debug|x64
		Debug|x86 = Debug|x86
		Release|x64 = Release|x64
		Release|x86 = Release|x86
	EndGlobalSection
	GlobalSection(ProjectConfigurationPlatforms) = postSolution
		{EB2E28DA-ACCA-4929-9420-36563764E2E8}.Debug|x64.ActiveCfg = Debug|x64
		{EB2E28DA-ACCA-4929-9420-36563764E2E8}.Debug|x64.Build.0 = Debug|x64
		{EB2E28DA-ACCA-4929-9420-36563764E2E8}.Debug|x86.ActiveCfg = Debug|Win32
		{EB2E28DA-ACCA-4929-9420-36563764E2E8}.Debug|x86.Build.0 = Debug|Win32
		{EB2E28DA-ACCA-4929-9420-36563764E2E8}.Release|x64.ActiveCfg = Release|x64
		{EB2E28DA-ACCA-4929-9420-36563764E2E8}.Release|x64.Build.0 = Release|x64
		{EB2E28DA-ACCA-4929-9420-36563764E2E8}.Release|x86.ActiveCfg = Release|Win32
		{EB2E28DA-ACCA-4929-9420-36563764E2E8}.Release|x86.Build.0 = Release|Win32
	EndGlobalSection
	GlobalSection(SolutionProperties) = preSolution
		HideSolutionNode = FALSE
	EndGlobalSection
	GlobalSection(ExtensibilityGlobals) = postSolution
		SolutionGuid = {2545022E-60C4-40C8-9036-0C69A64DF3E0}
	EndGlobalSection
EndGlobal
