
Microsoft Visual Studio Solution File, Format Version 12.00
# Visual Studio Version 17
VisualStudioVersion = 17.7.34031.279
MinimumVisualStudioVersion = 10.0.40219.1
Project("{8BC9CEB8-8B4A-11D0-8D11-00A0C91BC942}") = "Openjuge-10-4", "Openjuge-10-4.vcxproj", "{A7C4B0BC-8650-47CB-BA14-0EFFD48346CA}"
EndProject
Global
	GlobalSection(SolutionConfigurationPlatforms) = preSolution
		Debug|x64 = Debug|x64
		Debug|x86 = Debug|x86
		Release|x64 = Release|x64
		Release|x86 = Release|x86
	EndGlobalSection
	GlobalSection(ProjectConfigurationPlatforms) = postSolution
		{A7C4B0BC-8650-47CB-BA14-0EFFD48346CA}.Debug|x64.ActiveCfg = Debug|x64
		{A7C4B0BC-8650-47CB-BA14-0EFFD48346CA}.Debug|x64.Build.0 = Debug|x64
		{A7C4B0BC-8650-47CB-BA14-0EFFD48346CA}.Debug|x86.ActiveCfg = Debug|Win32
		{A7C4B0BC-8650-47CB-BA14-0EFFD48346CA}.Debug|x86.Build.0 = Debug|Win32
		{A7C4B0BC-8650-47CB-BA14-0EFFD48346CA}.Release|x64.ActiveCfg = Release|x64
		{A7C4B0BC-8650-47CB-BA14-0EFFD48346CA}.Release|x64.Build.0 = Release|x64
		{A7C4B0BC-8650-47CB-BA14-0EFFD48346CA}.Release|x86.ActiveCfg = Release|Win32
		{A7C4B0BC-8650-47CB-BA14-0EFFD48346CA}.Release|x86.Build.0 = Release|Win32
	EndGlobalSection
	GlobalSection(SolutionProperties) = preSolution
		HideSolutionNode = FALSE
	EndGlobalSection
	GlobalSection(ExtensibilityGlobals) = postSolution
		SolutionGuid = {0D985581-A3EF-464B-8C66-E35A6183D675}
	EndGlobalSection
EndGlobal
