
Microsoft Visual Studio Solution File, Format Version 12.00
# Visual Studio Version 17
VisualStudioVersion = 17.7.34031.279
MinimumVisualStudioVersion = 10.0.40219.1
Project("{8BC9CEB8-8B4A-11D0-8D11-00A0C91BC942}") = "C_daily-practice-9-30", "C_daily-practice-9-30.vcxproj", "{1E3B9EBC-E1FB-45D4-A81C-236ACF6A5680}"
EndProject
Global
	GlobalSection(SolutionConfigurationPlatforms) = preSolution
		Debug|x64 = Debug|x64
		Debug|x86 = Debug|x86
		Release|x64 = Release|x64
		Release|x86 = Release|x86
	EndGlobalSection
	GlobalSection(ProjectConfigurationPlatforms) = postSolution
		{1E3B9EBC-E1FB-45D4-A81C-236ACF6A5680}.Debug|x64.ActiveCfg = Debug|x64
		{1E3B9EBC-E1FB-45D4-A81C-236ACF6A5680}.Debug|x64.Build.0 = Debug|x64
		{1E3B9EBC-E1FB-45D4-A81C-236ACF6A5680}.Debug|x86.ActiveCfg = Debug|Win32
		{1E3B9EBC-E1FB-45D4-A81C-236ACF6A5680}.Debug|x86.Build.0 = Debug|Win32
		{1E3B9EBC-E1FB-45D4-A81C-236ACF6A5680}.Release|x64.ActiveCfg = Release|x64
		{1E3B9EBC-E1FB-45D4-A81C-236ACF6A5680}.Release|x64.Build.0 = Release|x64
		{1E3B9EBC-E1FB-45D4-A81C-236ACF6A5680}.Release|x86.ActiveCfg = Release|Win32
		{1E3B9EBC-E1FB-45D4-A81C-236ACF6A5680}.Release|x86.Build.0 = Release|Win32
	EndGlobalSection
	GlobalSection(SolutionProperties) = preSolution
		HideSolutionNode = FALSE
	EndGlobalSection
	GlobalSection(ExtensibilityGlobals) = postSolution
		SolutionGuid = {CD9B8221-EA03-452A-990E-25F25AA6D6CE}
	EndGlobalSection
EndGlobal
