
Microsoft Visual Studio Solution File, Format Version 12.00
# Visual Studio Version 17
VisualStudioVersion = 17.7.34031.279
MinimumVisualStudioVersion = 10.0.40219.1
Project("{8BC9CEB8-8B4A-11D0-8D11-00A0C91BC942}") = "Openjudge--29", "Openjudge--29.vcxproj", "{57094B5C-948B-4E50-A079-A295520CC030}"
EndProject
Global
	GlobalSection(SolutionConfigurationPlatforms) = preSolution
		Debug|x64 = Debug|x64
		Debug|x86 = Debug|x86
		Release|x64 = Release|x64
		Release|x86 = Release|x86
	EndGlobalSection
	GlobalSection(ProjectConfigurationPlatforms) = postSolution
		{57094B5C-948B-4E50-A079-A295520CC030}.Debug|x64.ActiveCfg = Debug|x64
		{57094B5C-948B-4E50-A079-A295520CC030}.Debug|x64.Build.0 = Debug|x64
		{57094B5C-948B-4E50-A079-A295520CC030}.Debug|x86.ActiveCfg = Debug|Win32
		{57094B5C-948B-4E50-A079-A295520CC030}.Debug|x86.Build.0 = Debug|Win32
		{57094B5C-948B-4E50-A079-A295520CC030}.Release|x64.ActiveCfg = Release|x64
		{57094B5C-948B-4E50-A079-A295520CC030}.Release|x64.Build.0 = Release|x64
		{57094B5C-948B-4E50-A079-A295520CC030}.Release|x86.ActiveCfg = Release|Win32
		{57094B5C-948B-4E50-A079-A295520CC030}.Release|x86.Build.0 = Release|Win32
	EndGlobalSection
	GlobalSection(SolutionProperties) = preSolution
		HideSolutionNode = FALSE
	EndGlobalSection
	GlobalSection(ExtensibilityGlobals) = postSolution
		SolutionGuid = {1C2548B4-DE5D-44BE-9F4F-9CAE12397AA1}
	EndGlobalSection
EndGlobal
