
Microsoft Visual Studio Solution File, Format Version 12.00
# Visual Studio Version 17
VisualStudioVersion = 17.7.34031.279
MinimumVisualStudioVersion = 10.0.40219.1
Project("{8BC9CEB8-8B4A-11D0-8D11-00A0C91BC942}") = "Openjudge--38", "Openjudge--38.vcxproj", "{3B99D86A-E9FF-47C4-8C5B-FED9F36A905E}"
EndProject
Global
	GlobalSection(SolutionConfigurationPlatforms) = preSolution
		Debug|x64 = Debug|x64
		Debug|x86 = Debug|x86
		Release|x64 = Release|x64
		Release|x86 = Release|x86
	EndGlobalSection
	GlobalSection(ProjectConfigurationPlatforms) = postSolution
		{3B99D86A-E9FF-47C4-8C5B-FED9F36A905E}.Debug|x64.ActiveCfg = Debug|x64
		{3B99D86A-E9FF-47C4-8C5B-FED9F36A905E}.Debug|x64.Build.0 = Debug|x64
		{3B99D86A-E9FF-47C4-8C5B-FED9F36A905E}.Debug|x86.ActiveCfg = Debug|Win32
		{3B99D86A-E9FF-47C4-8C5B-FED9F36A905E}.Debug|x86.Build.0 = Debug|Win32
		{3B99D86A-E9FF-47C4-8C5B-FED9F36A905E}.Release|x64.ActiveCfg = Release|x64
		{3B99D86A-E9FF-47C4-8C5B-FED9F36A905E}.Release|x64.Build.0 = Release|x64
		{3B99D86A-E9FF-47C4-8C5B-FED9F36A905E}.Release|x86.ActiveCfg = Release|Win32
		{3B99D86A-E9FF-47C4-8C5B-FED9F36A905E}.Release|x86.Build.0 = Release|Win32
	EndGlobalSection
	GlobalSection(SolutionProperties) = preSolution
		HideSolutionNode = FALSE
	EndGlobalSection
	GlobalSection(ExtensibilityGlobals) = postSolution
		SolutionGuid = {6997500D-3CA5-464A-AE3F-D10D1609616D}
	EndGlobalSection
EndGlobal
