
Microsoft Visual Studio Solution File, Format Version 12.00
# Visual Studio Version 16
VisualStudioVersion = 16.0.33801.447
MinimumVisualStudioVersion = 10.0.40219.1
Project("{8BC9CEB8-8B4A-11D0-8D11-00A0C91BC942}") = "c_practice 9_17", "c_practice 9_17\c_practice 9_17.vcxproj", "{8845BDC6-E595-4C75-8B10-39F8C4C80B55}"
EndProject
Global
	GlobalSection(SolutionConfigurationPlatforms) = preSolution
		Debug|x64 = Debug|x64
		Debug|x86 = Debug|x86
		Release|x64 = Release|x64
		Release|x86 = Release|x86
	EndGlobalSection
	GlobalSection(ProjectConfigurationPlatforms) = postSolution
		{8845BDC6-E595-4C75-8B10-39F8C4C80B55}.Debug|x64.ActiveCfg = Debug|x64
		{8845BDC6-E595-4C75-8B10-39F8C4C80B55}.Debug|x64.Build.0 = Debug|x64
		{8845BDC6-E595-4C75-8B10-39F8C4C80B55}.Debug|x86.ActiveCfg = Debug|Win32
		{8845BDC6-E595-4C75-8B10-39F8C4C80B55}.Debug|x86.Build.0 = Debug|Win32
		{8845BDC6-E595-4C75-8B10-39F8C4C80B55}.Release|x64.ActiveCfg = Release|x64
		{8845BDC6-E595-4C75-8B10-39F8C4C80B55}.Release|x64.Build.0 = Release|x64
		{8845BDC6-E595-4C75-8B10-39F8C4C80B55}.Release|x86.ActiveCfg = Release|Win32
		{8845BDC6-E595-4C75-8B10-39F8C4C80B55}.Release|x86.Build.0 = Release|Win32
	EndGlobalSection
	GlobalSection(SolutionProperties) = preSolution
		HideSolutionNode = FALSE
	EndGlobalSection
	GlobalSection(ExtensibilityGlobals) = postSolution
		SolutionGuid = {68905F0A-0154-4328-9669-E2E876F740D0}
	EndGlobalSection
EndGlobal
