
Microsoft Visual Studio Solution File, Format Version 12.00
# Visual Studio Version 16
VisualStudioVersion = 16.0.33801.447
MinimumVisualStudioVersion = 10.0.40219.1
Project("{8BC9CEB8-8B4A-11D0-8D11-00A0C91BC942}") = "2023 7.14", "2023 7.14\2023 7.14.vcxproj", "{ABBDBF04-2311-4CC5-8A68-D8AFC3C95B38}"
EndProject
Global
	GlobalSection(SolutionConfigurationPlatforms) = preSolution
		Debug|x64 = Debug|x64
		Debug|x86 = Debug|x86
		Release|x64 = Release|x64
		Release|x86 = Release|x86
	EndGlobalSection
	GlobalSection(ProjectConfigurationPlatforms) = postSolution
		{ABBDBF04-2311-4CC5-8A68-D8AFC3C95B38}.Debug|x64.ActiveCfg = Debug|x64
		{ABBDBF04-2311-4CC5-8A68-D8AFC3C95B38}.Debug|x64.Build.0 = Debug|x64
		{ABBDBF04-2311-4CC5-8A68-D8AFC3C95B38}.Debug|x86.ActiveCfg = Debug|Win32
		{ABBDBF04-2311-4CC5-8A68-D8AFC3C95B38}.Debug|x86.Build.0 = Debug|Win32
		{ABBDBF04-2311-4CC5-8A68-D8AFC3C95B38}.Release|x64.ActiveCfg = Release|x64
		{ABBDBF04-2311-4CC5-8A68-D8AFC3C95B38}.Release|x64.Build.0 = Release|x64
		{ABBDBF04-2311-4CC5-8A68-D8AFC3C95B38}.Release|x86.ActiveCfg = Release|Win32
		{ABBDBF04-2311-4CC5-8A68-D8AFC3C95B38}.Release|x86.Build.0 = Release|Win32
	EndGlobalSection
	GlobalSection(SolutionProperties) = preSolution
		HideSolutionNode = FALSE
	EndGlobalSection
	GlobalSection(ExtensibilityGlobals) = postSolution
		SolutionGuid = {01D69033-CEAD-471F-B742-DF18411F157C}
	EndGlobalSection
EndGlobal
