
Microsoft Visual Studio Solution File, Format Version 12.00
# Visual Studio Version 17
VisualStudioVersion = 17.7.34031.279
MinimumVisualStudioVersion = 10.0.40219.1
Project("{8BC9CEB8-8B4A-11D0-8D11-00A0C91BC942}") = "C-practice-10-12", "C-practice-10-12.vcxproj", "{1C7A6BFD-00A5-4B71-BF52-D2354CF06986}"
EndProject
Global
	GlobalSection(SolutionConfigurationPlatforms) = preSolution
		Debug|x64 = Debug|x64
		Debug|x86 = Debug|x86
		Release|x64 = Release|x64
		Release|x86 = Release|x86
	EndGlobalSection
	GlobalSection(ProjectConfigurationPlatforms) = postSolution
		{1C7A6BFD-00A5-4B71-BF52-D2354CF06986}.Debug|x64.ActiveCfg = Debug|x64
		{1C7A6BFD-00A5-4B71-BF52-D2354CF06986}.Debug|x64.Build.0 = Debug|x64
		{1C7A6BFD-00A5-4B71-BF52-D2354CF06986}.Debug|x86.ActiveCfg = Debug|Win32
		{1C7A6BFD-00A5-4B71-BF52-D2354CF06986}.Debug|x86.Build.0 = Debug|Win32
		{1C7A6BFD-00A5-4B71-BF52-D2354CF06986}.Release|x64.ActiveCfg = Release|x64
		{1C7A6BFD-00A5-4B71-BF52-D2354CF06986}.Release|x64.Build.0 = Release|x64
		{1C7A6BFD-00A5-4B71-BF52-D2354CF06986}.Release|x86.ActiveCfg = Release|Win32
		{1C7A6BFD-00A5-4B71-BF52-D2354CF06986}.Release|x86.Build.0 = Release|Win32
	EndGlobalSection
	GlobalSection(SolutionProperties) = preSolution
		HideSolutionNode = FALSE
	EndGlobalSection
	GlobalSection(ExtensibilityGlobals) = postSolution
		SolutionGuid = {E0ECABBB-A02E-4886-BF21-31E4B46C9D14}
	EndGlobalSection
EndGlobal
